
Microsoft Visual Studio Solution File, Format Version 12.00
# Visual Studio Version 17
VisualStudioVersion = 17.3.32825.248
MinimumVisualStudioVersion = 10.0.40219.1
Project("{FAE04EC0-301F-11D3-BF4B-00C04F79EFBC}") = "Week14OOP", "Week14OOP\Week14OOP.csproj", "{95222970-D395-4AD9-BC6C-9E0F14EF88A5}"
EndProject
Global
	GlobalSection(SolutionConfigurationPlatforms) = preSolution
		Debug|Any CPU = Debug|Any CPU
		Release|Any CPU = Release|Any CPU
	EndGlobalSection
	GlobalSection(ProjectConfigurationPlatforms) = postSolution
		{95222970-D395-4AD9-BC6C-9E0F14EF88A5}.Debug|Any CPU.ActiveCfg = Debug|Any CPU
		{95222970-D395-4AD9-BC6C-9E0F14EF88A5}.Debug|Any CPU.Build.0 = Debug|Any CPU
		{95222970-D395-4AD9-BC6C-9E0F14EF88A5}.Release|Any CPU.ActiveCfg = Release|Any CPU
		{95222970-D395-4AD9-BC6C-9E0F14EF88A5}.Release|Any CPU.Build.0 = Release|Any CPU
	EndGlobalSection
	GlobalSection(SolutionProperties) = preSolution
		HideSolutionNode = FALSE
	EndGlobalSection
	GlobalSection(ExtensibilityGlobals) = postSolution
		SolutionGuid = {06163ADA-6738-4FAA-BAED-97A1310F1E79}
	EndGlobalSection
EndGlobal
